
Microsoft Visual Studio Solution File, Format Version 12.00
# Visual Studio 15
VisualStudioVersion = 15.0.26124.0
MinimumVisualStudioVersion = 15.0.26124.0
Project("{9A19103F-16F7-4668-BE54-9A1E7A4F7556}") = "CoalPassAPI", "CoalPassAPI\CoalPassAPI.csproj", "{75340749-7AF0-41AA-98ED-A078D35D1285}"
EndProject
Project("{9A19103F-16F7-4668-BE54-9A1E7A4F7556}") = "CoalPassDAL", "CoalPassDAL\CoalPassDAL.csproj", "{8D117EBF-402C-4A15-BD9B-1020851E3DB8}"
EndProject
Global
	GlobalSection(SolutionConfigurationPlatforms) = preSolution
		Debug|Any CPU = Debug|Any CPU
		Debug|x64 = Debug|x64
		Debug|x86 = Debug|x86
		Release|Any CPU = Release|Any CPU
		Release|x64 = Release|x64
		Release|x86 = Release|x86
	EndGlobalSection
	GlobalSection(ProjectConfigurationPlatforms) = postSolution
		{75340749-7AF0-41AA-98ED-A078D35D1285}.Debug|Any CPU.ActiveCfg = Debug|Any CPU
		{75340749-7AF0-41AA-98ED-A078D35D1285}.Debug|Any CPU.Build.0 = Debug|Any CPU
		{75340749-7AF0-41AA-98ED-A078D35D1285}.Debug|x64.ActiveCfg = Debug|Any CPU
		{75340749-7AF0-41AA-98ED-A078D35D1285}.Debug|x64.Build.0 = Debug|Any CPU
		{75340749-7AF0-41AA-98ED-A078D35D1285}.Debug|x86.ActiveCfg = Debug|Any CPU
		{75340749-7AF0-41AA-98ED-A078D35D1285}.Debug|x86.Build.0 = Debug|Any CPU
		{75340749-7AF0-41AA-98ED-A078D35D1285}.Release|Any CPU.ActiveCfg = Release|Any CPU
		{75340749-7AF0-41AA-98ED-A078D35D1285}.Release|Any CPU.Build.0 = Release|Any CPU
		{75340749-7AF0-41AA-98ED-A078D35D1285}.Release|x64.ActiveCfg = Release|Any CPU
		{75340749-7AF0-41AA-98ED-A078D35D1285}.Release|x64.Build.0 = Release|Any CPU
		{75340749-7AF0-41AA-98ED-A078D35D1285}.Release|x86.ActiveCfg = Release|Any CPU
		{75340749-7AF0-41AA-98ED-A078D35D1285}.Release|x86.Build.0 = Release|Any CPU
		{8D117EBF-402C-4A15-BD9B-1020851E3DB8}.Debug|Any CPU.ActiveCfg = Debug|Any CPU
		{8D117EBF-402C-4A15-BD9B-1020851E3DB8}.Debug|Any CPU.Build.0 = Debug|Any CPU
		{8D117EBF-402C-4A15-BD9B-1020851E3DB8}.Debug|x64.ActiveCfg = Debug|Any CPU
		{8D117EBF-402C-4A15-BD9B-1020851E3DB8}.Debug|x64.Build.0 = Debug|Any CPU
		{8D117EBF-402C-4A15-BD9B-1020851E3DB8}.Debug|x86.ActiveCfg = Debug|Any CPU
		{8D117EBF-402C-4A15-BD9B-1020851E3DB8}.Debug|x86.Build.0 = Debug|Any CPU
		{8D117EBF-402C-4A15-BD9B-1020851E3DB8}.Release|Any CPU.ActiveCfg = Release|Any CPU
		{8D117EBF-402C-4A15-BD9B-1020851E3DB8}.Release|Any CPU.Build.0 = Release|Any CPU
		{8D117EBF-402C-4A15-BD9B-1020851E3DB8}.Release|x64.ActiveCfg = Release|Any CPU
		{8D117EBF-402C-4A15-BD9B-1020851E3DB8}.Release|x64.Build.0 = Release|Any CPU
		{8D117EBF-402C-4A15-BD9B-1020851E3DB8}.Release|x86.ActiveCfg = Release|Any CPU
		{8D117EBF-402C-4A15-BD9B-1020851E3DB8}.Release|x86.Build.0 = Release|Any CPU
	EndGlobalSection
	GlobalSection(SolutionProperties) = preSolution
		HideSolutionNode = FALSE
	EndGlobalSection
	GlobalSection(ExtensibilityGlobals) = postSolution
		SolutionGuid = {EF500580-0FAD-4DAE-AFE9-FA0C0D3EEBAE}
	EndGlobalSection
EndGlobal
