
Microsoft Visual Studio Solution File, Format Version 12.00
# Visual Studio Version 16
VisualStudioVersion = 16.0.29230.47
MinimumVisualStudioVersion = 15.0.26124.0
Project("{9A19103F-16F7-4668-BE54-9A1E7A4F7556}") = "CoalPassAPI", "CoalPassAPI\CoalPassAPI.csproj", "{75340749-7AF0-41AA-98ED-A078D35D1285}"
EndProject
Project("{9A19103F-16F7-4668-BE54-9A1E7A4F7556}") = "CoalPassDAL", "CoalPassDAL\CoalPassDAL.csproj", "{8D117EBF-402C-4A15-BD9B-1020851E3DB8}"
EndProject
Project("{FAE04EC0-301F-11D3-BF4B-00C04F79EFBC}") = "CoalPasswordsApp.Android", "CoalPasswordsApp\CoalPasswordsApp.Android\CoalPasswordsApp.Android.csproj", "{0F193FFC-F9DA-4631-BFAD-DED0DB3E8BA0}"
EndProject
Project("{FAE04EC0-301F-11D3-BF4B-00C04F79EFBC}") = "CoalPasswordsApp.iOS", "CoalPasswordsApp\CoalPasswordsApp.iOS\CoalPasswordsApp.iOS.csproj", "{64778924-FBC8-46AF-B93C-B1E632CA9EA8}"
EndProject
Project("{FAE04EC0-301F-11D3-BF4B-00C04F79EFBC}") = "CoalPasswordsApp", "CoalPasswordsApp\CoalPasswordsApp\CoalPasswordsApp.csproj", "{E66466BF-EFA6-4ED4-A72C-F39C975DF0FA}"
EndProject
Global
	GlobalSection(SolutionConfigurationPlatforms) = preSolution
		Debug|Any CPU = Debug|Any CPU
		Debug|iPhone = Debug|iPhone
		Debug|iPhoneSimulator = Debug|iPhoneSimulator
		Debug|x64 = Debug|x64
		Debug|x86 = Debug|x86
		Release|Any CPU = Release|Any CPU
		Release|iPhone = Release|iPhone
		Release|iPhoneSimulator = Release|iPhoneSimulator
		Release|x64 = Release|x64
		Release|x86 = Release|x86
	EndGlobalSection
	GlobalSection(ProjectConfigurationPlatforms) = postSolution
		{75340749-7AF0-41AA-98ED-A078D35D1285}.Debug|Any CPU.ActiveCfg = Debug|Any CPU
		{75340749-7AF0-41AA-98ED-A078D35D1285}.Debug|Any CPU.Build.0 = Debug|Any CPU
		{75340749-7AF0-41AA-98ED-A078D35D1285}.Debug|iPhone.ActiveCfg = Debug|Any CPU
		{75340749-7AF0-41AA-98ED-A078D35D1285}.Debug|iPhone.Build.0 = Debug|Any CPU
		{75340749-7AF0-41AA-98ED-A078D35D1285}.Debug|iPhoneSimulator.ActiveCfg = Debug|Any CPU
		{75340749-7AF0-41AA-98ED-A078D35D1285}.Debug|iPhoneSimulator.Build.0 = Debug|Any CPU
		{75340749-7AF0-41AA-98ED-A078D35D1285}.Debug|x64.ActiveCfg = Debug|Any CPU
		{75340749-7AF0-41AA-98ED-A078D35D1285}.Debug|x64.Build.0 = Debug|Any CPU
		{75340749-7AF0-41AA-98ED-A078D35D1285}.Debug|x86.ActiveCfg = Debug|Any CPU
		{75340749-7AF0-41AA-98ED-A078D35D1285}.Debug|x86.Build.0 = Debug|Any CPU
		{75340749-7AF0-41AA-98ED-A078D35D1285}.Release|Any CPU.ActiveCfg = Release|Any CPU
		{75340749-7AF0-41AA-98ED-A078D35D1285}.Release|Any CPU.Build.0 = Release|Any CPU
		{75340749-7AF0-41AA-98ED-A078D35D1285}.Release|iPhone.ActiveCfg = Release|Any CPU
		{75340749-7AF0-41AA-98ED-A078D35D1285}.Release|iPhone.Build.0 = Release|Any CPU
		{75340749-7AF0-41AA-98ED-A078D35D1285}.Release|iPhoneSimulator.ActiveCfg = Release|Any CPU
		{75340749-7AF0-41AA-98ED-A078D35D1285}.Release|iPhoneSimulator.Build.0 = Release|Any CPU
		{75340749-7AF0-41AA-98ED-A078D35D1285}.Release|x64.ActiveCfg = Release|Any CPU
		{75340749-7AF0-41AA-98ED-A078D35D1285}.Release|x64.Build.0 = Release|Any CPU
		{75340749-7AF0-41AA-98ED-A078D35D1285}.Release|x86.ActiveCfg = Release|Any CPU
		{75340749-7AF0-41AA-98ED-A078D35D1285}.Release|x86.Build.0 = Release|Any CPU
		{8D117EBF-402C-4A15-BD9B-1020851E3DB8}.Debug|Any CPU.ActiveCfg = Debug|Any CPU
		{8D117EBF-402C-4A15-BD9B-1020851E3DB8}.Debug|Any CPU.Build.0 = Debug|Any CPU
		{8D117EBF-402C-4A15-BD9B-1020851E3DB8}.Debug|iPhone.ActiveCfg = Debug|Any CPU
		{8D117EBF-402C-4A15-BD9B-1020851E3DB8}.Debug|iPhone.Build.0 = Debug|Any CPU
		{8D117EBF-402C-4A15-BD9B-1020851E3DB8}.Debug|iPhoneSimulator.ActiveCfg = Debug|Any CPU
		{8D117EBF-402C-4A15-BD9B-1020851E3DB8}.Debug|iPhoneSimulator.Build.0 = Debug|Any CPU
		{8D117EBF-402C-4A15-BD9B-1020851E3DB8}.Debug|x64.ActiveCfg = Debug|Any CPU
		{8D117EBF-402C-4A15-BD9B-1020851E3DB8}.Debug|x64.Build.0 = Debug|Any CPU
		{8D117EBF-402C-4A15-BD9B-1020851E3DB8}.Debug|x86.ActiveCfg = Debug|Any CPU
		{8D117EBF-402C-4A15-BD9B-1020851E3DB8}.Debug|x86.Build.0 = Debug|Any CPU
		{8D117EBF-402C-4A15-BD9B-1020851E3DB8}.Release|Any CPU.ActiveCfg = Release|Any CPU
		{8D117EBF-402C-4A15-BD9B-1020851E3DB8}.Release|Any CPU.Build.0 = Release|Any CPU
		{8D117EBF-402C-4A15-BD9B-1020851E3DB8}.Release|iPhone.ActiveCfg = Release|Any CPU
		{8D117EBF-402C-4A15-BD9B-1020851E3DB8}.Release|iPhone.Build.0 = Release|Any CPU
		{8D117EBF-402C-4A15-BD9B-1020851E3DB8}.Release|iPhoneSimulator.ActiveCfg = Release|Any CPU
		{8D117EBF-402C-4A15-BD9B-1020851E3DB8}.Release|iPhoneSimulator.Build.0 = Release|Any CPU
		{8D117EBF-402C-4A15-BD9B-1020851E3DB8}.Release|x64.ActiveCfg = Release|Any CPU
		{8D117EBF-402C-4A15-BD9B-1020851E3DB8}.Release|x64.Build.0 = Release|Any CPU
		{8D117EBF-402C-4A15-BD9B-1020851E3DB8}.Release|x86.ActiveCfg = Release|Any CPU
		{8D117EBF-402C-4A15-BD9B-1020851E3DB8}.Release|x86.Build.0 = Release|Any CPU
		{0F193FFC-F9DA-4631-BFAD-DED0DB3E8BA0}.Debug|Any CPU.ActiveCfg = Debug|Any CPU
		{0F193FFC-F9DA-4631-BFAD-DED0DB3E8BA0}.Debug|Any CPU.Build.0 = Debug|Any CPU
		{0F193FFC-F9DA-4631-BFAD-DED0DB3E8BA0}.Debug|Any CPU.Deploy.0 = Debug|Any CPU
		{0F193FFC-F9DA-4631-BFAD-DED0DB3E8BA0}.Debug|iPhone.ActiveCfg = Debug|Any CPU
		{0F193FFC-F9DA-4631-BFAD-DED0DB3E8BA0}.Debug|iPhone.Build.0 = Debug|Any CPU
		{0F193FFC-F9DA-4631-BFAD-DED0DB3E8BA0}.Debug|iPhone.Deploy.0 = Debug|Any CPU
		{0F193FFC-F9DA-4631-BFAD-DED0DB3E8BA0}.Debug|iPhoneSimulator.ActiveCfg = Debug|Any CPU
		{0F193FFC-F9DA-4631-BFAD-DED0DB3E8BA0}.Debug|iPhoneSimulator.Build.0 = Debug|Any CPU
		{0F193FFC-F9DA-4631-BFAD-DED0DB3E8BA0}.Debug|iPhoneSimulator.Deploy.0 = Debug|Any CPU
		{0F193FFC-F9DA-4631-BFAD-DED0DB3E8BA0}.Debug|x64.ActiveCfg = Debug|Any CPU
		{0F193FFC-F9DA-4631-BFAD-DED0DB3E8BA0}.Debug|x64.Build.0 = Debug|Any CPU
		{0F193FFC-F9DA-4631-BFAD-DED0DB3E8BA0}.Debug|x64.Deploy.0 = Debug|Any CPU
		{0F193FFC-F9DA-4631-BFAD-DED0DB3E8BA0}.Debug|x86.ActiveCfg = Debug|Any CPU
		{0F193FFC-F9DA-4631-BFAD-DED0DB3E8BA0}.Debug|x86.Build.0 = Debug|Any CPU
		{0F193FFC-F9DA-4631-BFAD-DED0DB3E8BA0}.Debug|x86.Deploy.0 = Debug|Any CPU
		{0F193FFC-F9DA-4631-BFAD-DED0DB3E8BA0}.Release|Any CPU.ActiveCfg = Release|Any CPU
		{0F193FFC-F9DA-4631-BFAD-DED0DB3E8BA0}.Release|Any CPU.Build.0 = Release|Any CPU
		{0F193FFC-F9DA-4631-BFAD-DED0DB3E8BA0}.Release|Any CPU.Deploy.0 = Release|Any CPU
		{0F193FFC-F9DA-4631-BFAD-DED0DB3E8BA0}.Release|iPhone.ActiveCfg = Release|Any CPU
		{0F193FFC-F9DA-4631-BFAD-DED0DB3E8BA0}.Release|iPhone.Build.0 = Release|Any CPU
		{0F193FFC-F9DA-4631-BFAD-DED0DB3E8BA0}.Release|iPhone.Deploy.0 = Release|Any CPU
		{0F193FFC-F9DA-4631-BFAD-DED0DB3E8BA0}.Release|iPhoneSimulator.ActiveCfg = Release|Any CPU
		{0F193FFC-F9DA-4631-BFAD-DED0DB3E8BA0}.Release|iPhoneSimulator.Build.0 = Release|Any CPU
		{0F193FFC-F9DA-4631-BFAD-DED0DB3E8BA0}.Release|iPhoneSimulator.Deploy.0 = Release|Any CPU
		{0F193FFC-F9DA-4631-BFAD-DED0DB3E8BA0}.Release|x64.ActiveCfg = Release|Any CPU
		{0F193FFC-F9DA-4631-BFAD-DED0DB3E8BA0}.Release|x64.Build.0 = Release|Any CPU
		{0F193FFC-F9DA-4631-BFAD-DED0DB3E8BA0}.Release|x64.Deploy.0 = Release|Any CPU
		{0F193FFC-F9DA-4631-BFAD-DED0DB3E8BA0}.Release|x86.ActiveCfg = Release|Any CPU
		{0F193FFC-F9DA-4631-BFAD-DED0DB3E8BA0}.Release|x86.Build.0 = Release|Any CPU
		{0F193FFC-F9DA-4631-BFAD-DED0DB3E8BA0}.Release|x86.Deploy.0 = Release|Any CPU
		{64778924-FBC8-46AF-B93C-B1E632CA9EA8}.Debug|Any CPU.ActiveCfg = Debug|iPhone
		{64778924-FBC8-46AF-B93C-B1E632CA9EA8}.Debug|iPhone.ActiveCfg = Debug|iPhone
		{64778924-FBC8-46AF-B93C-B1E632CA9EA8}.Debug|iPhone.Build.0 = Debug|iPhone
		{64778924-FBC8-46AF-B93C-B1E632CA9EA8}.Debug|iPhoneSimulator.ActiveCfg = Debug|iPhoneSimulator
		{64778924-FBC8-46AF-B93C-B1E632CA9EA8}.Debug|iPhoneSimulator.Build.0 = Debug|iPhoneSimulator
		{64778924-FBC8-46AF-B93C-B1E632CA9EA8}.Debug|x64.ActiveCfg = Debug|iPhone
		{64778924-FBC8-46AF-B93C-B1E632CA9EA8}.Debug|x86.ActiveCfg = Debug|iPhone
		{64778924-FBC8-46AF-B93C-B1E632CA9EA8}.Release|Any CPU.ActiveCfg = Release|iPhone
		{64778924-FBC8-46AF-B93C-B1E632CA9EA8}.Release|iPhone.ActiveCfg = Release|iPhone
		{64778924-FBC8-46AF-B93C-B1E632CA9EA8}.Release|iPhone.Build.0 = Release|iPhone
		{64778924-FBC8-46AF-B93C-B1E632CA9EA8}.Release|iPhoneSimulator.ActiveCfg = Release|iPhoneSimulator
		{64778924-FBC8-46AF-B93C-B1E632CA9EA8}.Release|iPhoneSimulator.Build.0 = Release|iPhoneSimulator
		{64778924-FBC8-46AF-B93C-B1E632CA9EA8}.Release|x64.ActiveCfg = Release|iPhone
		{64778924-FBC8-46AF-B93C-B1E632CA9EA8}.Release|x86.ActiveCfg = Release|iPhone
		{E66466BF-EFA6-4ED4-A72C-F39C975DF0FA}.Debug|Any CPU.ActiveCfg = Debug|Any CPU
		{E66466BF-EFA6-4ED4-A72C-F39C975DF0FA}.Debug|Any CPU.Build.0 = Debug|Any CPU
		{E66466BF-EFA6-4ED4-A72C-F39C975DF0FA}.Debug|iPhone.ActiveCfg = Debug|Any CPU
		{E66466BF-EFA6-4ED4-A72C-F39C975DF0FA}.Debug|iPhone.Build.0 = Debug|Any CPU
		{E66466BF-EFA6-4ED4-A72C-F39C975DF0FA}.Debug|iPhoneSimulator.ActiveCfg = Debug|Any CPU
		{E66466BF-EFA6-4ED4-A72C-F39C975DF0FA}.Debug|iPhoneSimulator.Build.0 = Debug|Any CPU
		{E66466BF-EFA6-4ED4-A72C-F39C975DF0FA}.Debug|x64.ActiveCfg = Debug|Any CPU
		{E66466BF-EFA6-4ED4-A72C-F39C975DF0FA}.Debug|x64.Build.0 = Debug|Any CPU
		{E66466BF-EFA6-4ED4-A72C-F39C975DF0FA}.Debug|x86.ActiveCfg = Debug|Any CPU
		{E66466BF-EFA6-4ED4-A72C-F39C975DF0FA}.Debug|x86.Build.0 = Debug|Any CPU
		{E66466BF-EFA6-4ED4-A72C-F39C975DF0FA}.Release|Any CPU.ActiveCfg = Release|Any CPU
		{E66466BF-EFA6-4ED4-A72C-F39C975DF0FA}.Release|Any CPU.Build.0 = Release|Any CPU
		{E66466BF-EFA6-4ED4-A72C-F39C975DF0FA}.Release|iPhone.ActiveCfg = Release|Any CPU
		{E66466BF-EFA6-4ED4-A72C-F39C975DF0FA}.Release|iPhone.Build.0 = Release|Any CPU
		{E66466BF-EFA6-4ED4-A72C-F39C975DF0FA}.Release|iPhoneSimulator.ActiveCfg = Release|Any CPU
		{E66466BF-EFA6-4ED4-A72C-F39C975DF0FA}.Release|iPhoneSimulator.Build.0 = Release|Any CPU
		{E66466BF-EFA6-4ED4-A72C-F39C975DF0FA}.Release|x64.ActiveCfg = Release|Any CPU
		{E66466BF-EFA6-4ED4-A72C-F39C975DF0FA}.Release|x64.Build.0 = Release|Any CPU
		{E66466BF-EFA6-4ED4-A72C-F39C975DF0FA}.Release|x86.ActiveCfg = Release|Any CPU
		{E66466BF-EFA6-4ED4-A72C-F39C975DF0FA}.Release|x86.Build.0 = Release|Any CPU
	EndGlobalSection
	GlobalSection(SolutionProperties) = preSolution
		HideSolutionNode = FALSE
	EndGlobalSection
	GlobalSection(ExtensibilityGlobals) = postSolution
		SolutionGuid = {743561B7-73E1-4F8F-94FD-9B5EE9F01345}
	EndGlobalSection
EndGlobal
